
Microsoft Visual Studio Solution File, Format Version 12.00
# Visual Studio 14
VisualStudioVersion = 14.0.25420.1
MinimumVisualStudioVersion = 10.0.40219.1
Project("{8BC9CEB8-8B4A-11D0-8D11-00A0C91BC942}") = "Client", "Client\Client.vcxproj", "{D389F841-B951-47D1-855C-016034B0F041}"
EndProject
Project("{2150E333-8FDC-42A3-9474-1A3956D46DE8}") = "Headers", "Headers", "{EA98E6C6-EC1E-471E-A507-030BAC625F77}"
	ProjectSection(SolutionItems) = preProject
		Headers\Define.h = Headers\Define.h
		Headers\Extern.h = Headers\Extern.h
		Headers\Function.h = Headers\Function.h
		Headers\Headers.h = Headers\Headers.h
		Headers\Struct.h = Headers\Struct.h
	EndProjectSection
EndProject
Project("{8BC9CEB8-8B4A-11D0-8D11-00A0C91BC942}") = "MFCTool", "MFCTool\MFCTool.vcxproj", "{2FB05181-326C-492B-B74E-9D00FBF75F9B}"
EndProject
Global
	GlobalSection(SolutionConfigurationPlatforms) = preSolution
		Debug|x64 = Debug|x64
		Debug|x86 = Debug|x86
		Release|x64 = Release|x64
		Release|x86 = Release|x86
	EndGlobalSection
	GlobalSection(ProjectConfigurationPlatforms) = postSolution
		{D389F841-B951-47D1-855C-016034B0F041}.Debug|x64.ActiveCfg = Debug|x64
		{D389F841-B951-47D1-855C-016034B0F041}.Debug|x64.Build.0 = Debug|x64
		{D389F841-B951-47D1-855C-016034B0F041}.Debug|x86.ActiveCfg = Debug|Win32
		{D389F841-B951-47D1-855C-016034B0F041}.Debug|x86.Build.0 = Debug|Win32
		{D389F841-B951-47D1-855C-016034B0F041}.Release|x64.ActiveCfg = Release|x64
		{D389F841-B951-47D1-855C-016034B0F041}.Release|x64.Build.0 = Release|x64
		{D389F841-B951-47D1-855C-016034B0F041}.Release|x86.ActiveCfg = Release|Win32
		{D389F841-B951-47D1-855C-016034B0F041}.Release|x86.Build.0 = Release|Win32
		{2FB05181-326C-492B-B74E-9D00FBF75F9B}.Debug|x64.ActiveCfg = Debug|x64
		{2FB05181-326C-492B-B74E-9D00FBF75F9B}.Debug|x64.Build.0 = Debug|x64
		{2FB05181-326C-492B-B74E-9D00FBF75F9B}.Debug|x86.ActiveCfg = Debug|Win32
		{2FB05181-326C-492B-B74E-9D00FBF75F9B}.Debug|x86.Build.0 = Debug|Win32
		{2FB05181-326C-492B-B74E-9D00FBF75F9B}.Release|x64.ActiveCfg = Release|x64
		{2FB05181-326C-492B-B74E-9D00FBF75F9B}.Release|x64.Build.0 = Release|x64
		{2FB05181-326C-492B-B74E-9D00FBF75F9B}.Release|x86.ActiveCfg = Release|Win32
		{2FB05181-326C-492B-B74E-9D00FBF75F9B}.Release|x86.Build.0 = Release|Win32
	EndGlobalSection
	GlobalSection(SolutionProperties) = preSolution
		HideSolutionNode = FALSE
	EndGlobalSection
EndGlobal
